
Microsoft Visual Studio Solution File, Format Version 12.00
# Visual Studio Version 17
VisualStudioVersion = 17.14.36908.2 d17.14
MinimumVisualStudioVersion = 10.0.40219.1
Project("{FAE04EC0-301F-11D3-BF4B-00C04F79EFBC}") = "PlanetTweaks2", "PlanetTweaks2.csproj", "{2CDB88DE-B362-4064-BA64-13DF3E719694}"
EndProject
Global
	GlobalSection(SolutionConfigurationPlatforms) = preSolution
		Debug|Any CPU = Debug|Any CPU
		Release|Any CPU = Release|Any CPU
	EndGlobalSection
	GlobalSection(ProjectConfigurationPlatforms) = postSolution
		{2CDB88DE-B362-4064-BA64-13DF3E719694}.Debug|Any CPU.ActiveCfg = Debug|Any CPU
		{2CDB88DE-B362-4064-BA64-13DF3E719694}.Debug|Any CPU.Build.0 = Debug|Any CPU
		{2CDB88DE-B362-4064-BA64-13DF3E719694}.Release|Any CPU.ActiveCfg = Release|Any CPU
		{2CDB88DE-B362-4064-BA64-13DF3E719694}.Release|Any CPU.Build.0 = Release|Any CPU
	EndGlobalSection
	GlobalSection(SolutionProperties) = preSolution
		HideSolutionNode = FALSE
	EndGlobalSection
	GlobalSection(ExtensibilityGlobals) = postSolution
		SolutionGuid = {5700FD34-0C84-4740-80CF-72E12704591A}
	EndGlobalSection
EndGlobal
